
Microsoft Visual Studio Solution File, Format Version 12.00
# Visual Studio Version 16
VisualStudioVersion = 16.0.30611.23
MinimumVisualStudioVersion = 10.0.40219.1
Project("{FAE04EC0-301F-11D3-BF4B-00C04F79EFBC}") = "CZP.Core", "CZP.Core\CZP.Core.csproj", "{6BB0CC2A-F578-47E0-B25A-59200136E181}"
EndProject
Project("{FAE04EC0-301F-11D3-BF4B-00C04F79EFBC}") = "CZP.Infrastructure", "CZP.Infrastructure\CZP.Infrastructure.csproj", "{6D73C3B8-92C8-4F0D-91D6-BB050F89A6C2}"
EndProject
Project("{FAE04EC0-301F-11D3-BF4B-00C04F79EFBC}") = "CZP.Manager", "CZP.Manager\CZP.Manager.csproj", "{FBC54704-4F7C-4F43-A55B-4E1E31024108}"
EndProject
Global
	GlobalSection(SolutionConfigurationPlatforms) = preSolution
		Debug|Any CPU = Debug|Any CPU
		Release|Any CPU = Release|Any CPU
	EndGlobalSection
	GlobalSection(ProjectConfigurationPlatforms) = postSolution
		{6BB0CC2A-F578-47E0-B25A-59200136E181}.Debug|Any CPU.ActiveCfg = Debug|Any CPU
		{6BB0CC2A-F578-47E0-B25A-59200136E181}.Debug|Any CPU.Build.0 = Debug|Any CPU
		{6BB0CC2A-F578-47E0-B25A-59200136E181}.Release|Any CPU.ActiveCfg = Release|Any CPU
		{6BB0CC2A-F578-47E0-B25A-59200136E181}.Release|Any CPU.Build.0 = Release|Any CPU
		{6D73C3B8-92C8-4F0D-91D6-BB050F89A6C2}.Debug|Any CPU.ActiveCfg = Debug|Any CPU
		{6D73C3B8-92C8-4F0D-91D6-BB050F89A6C2}.Debug|Any CPU.Build.0 = Debug|Any CPU
		{6D73C3B8-92C8-4F0D-91D6-BB050F89A6C2}.Release|Any CPU.ActiveCfg = Release|Any CPU
		{6D73C3B8-92C8-4F0D-91D6-BB050F89A6C2}.Release|Any CPU.Build.0 = Release|Any CPU
		{FBC54704-4F7C-4F43-A55B-4E1E31024108}.Debug|Any CPU.ActiveCfg = Debug|Any CPU
		{FBC54704-4F7C-4F43-A55B-4E1E31024108}.Debug|Any CPU.Build.0 = Debug|Any CPU
		{FBC54704-4F7C-4F43-A55B-4E1E31024108}.Release|Any CPU.ActiveCfg = Release|Any CPU
		{FBC54704-4F7C-4F43-A55B-4E1E31024108}.Release|Any CPU.Build.0 = Release|Any CPU
	EndGlobalSection
	GlobalSection(SolutionProperties) = preSolution
		HideSolutionNode = FALSE
	EndGlobalSection
	GlobalSection(ExtensibilityGlobals) = postSolution
		SolutionGuid = {CF471E1A-9E8B-43D7-9D22-28E6AF92BD6F}
	EndGlobalSection
EndGlobal
